
Microsoft Visual Studio Solution File, Format Version 12.00
# Visual Studio Version 17
VisualStudioVersion = 17.2.32630.192
MinimumVisualStudioVersion = 10.0.40219.1
Project("{9A19103F-16F7-4668-BE54-9A1E7A4F7556}") = "updater", "updater.csproj", "{6CE74677-6889-4E18-AF1A-C933AE211AB6}"
EndProject
Project("{9A19103F-16F7-4668-BE54-9A1E7A4F7556}") = "updater-test", "..\updater-test\updater-test.csproj", "{F1F55187-4CED-43A0-A9C9-920DDBD7FF76}"
EndProject
Project("{FAE04EC0-301F-11D3-BF4B-00C04F79EFBC}") = "moz-checksum-generator", "..\moz-checksum-generator\moz-checksum-generator.csproj", "{555625FB-731F-462A-A30A-9B71DCDB1737}"
EndProject
Global
	GlobalSection(SolutionConfigurationPlatforms) = preSolution
		Debug|Any CPU = Debug|Any CPU
		Release|Any CPU = Release|Any CPU
	EndGlobalSection
	GlobalSection(ProjectConfigurationPlatforms) = postSolution
		{6CE74677-6889-4E18-AF1A-C933AE211AB6}.Debug|Any CPU.ActiveCfg = Debug|Any CPU
		{6CE74677-6889-4E18-AF1A-C933AE211AB6}.Debug|Any CPU.Build.0 = Debug|Any CPU
		{6CE74677-6889-4E18-AF1A-C933AE211AB6}.Release|Any CPU.ActiveCfg = Release|Any CPU
		{6CE74677-6889-4E18-AF1A-C933AE211AB6}.Release|Any CPU.Build.0 = Release|Any CPU
		{F1F55187-4CED-43A0-A9C9-920DDBD7FF76}.Debug|Any CPU.ActiveCfg = Debug|Any CPU
		{F1F55187-4CED-43A0-A9C9-920DDBD7FF76}.Debug|Any CPU.Build.0 = Debug|Any CPU
		{F1F55187-4CED-43A0-A9C9-920DDBD7FF76}.Release|Any CPU.ActiveCfg = Release|Any CPU
		{F1F55187-4CED-43A0-A9C9-920DDBD7FF76}.Release|Any CPU.Build.0 = Release|Any CPU
		{555625FB-731F-462A-A30A-9B71DCDB1737}.Debug|Any CPU.ActiveCfg = Debug|Any CPU
		{555625FB-731F-462A-A30A-9B71DCDB1737}.Debug|Any CPU.Build.0 = Debug|Any CPU
		{555625FB-731F-462A-A30A-9B71DCDB1737}.Release|Any CPU.ActiveCfg = Release|Any CPU
		{555625FB-731F-462A-A30A-9B71DCDB1737}.Release|Any CPU.Build.0 = Release|Any CPU
	EndGlobalSection
	GlobalSection(SolutionProperties) = preSolution
		HideSolutionNode = FALSE
	EndGlobalSection
	GlobalSection(ExtensibilityGlobals) = postSolution
		SolutionGuid = {D6BE2878-2A21-40EE-9713-4108F475F8C0}
	EndGlobalSection
EndGlobal
